
Microsoft Visual Studio Solution File, Format Version 12.00
# Visual Studio 14
VisualStudioVersion = 14.0.25420.1
MinimumVisualStudioVersion = 10.0.40219.1
Project("{FAE04EC0-301F-11D3-BF4B-00C04F79EFBC}") = "MarketGear.CMS", "MarketGear.CMS\MarketGear.CMS.csproj", "{8506D0A2-8533-423C-A6BD-BF1AB1BDE276}"
EndProject
Project("{FAE04EC0-301F-11D3-BF4B-00C04F79EFBC}") = "MarketGear.CMS.Tests", "MarketGear.CMS.Tests\MarketGear.CMS.Tests.csproj", "{81E1FA68-7CBA-4873-BFFF-A7A65BA0ACB3}"
EndProject
Global
	GlobalSection(SolutionConfigurationPlatforms) = preSolution
		Debug|Any CPU = Debug|Any CPU
		Release|Any CPU = Release|Any CPU
	EndGlobalSection
	GlobalSection(ProjectConfigurationPlatforms) = postSolution
		{8506D0A2-8533-423C-A6BD-BF1AB1BDE276}.Debug|Any CPU.ActiveCfg = Debug|Any CPU
		{8506D0A2-8533-423C-A6BD-BF1AB1BDE276}.Debug|Any CPU.Build.0 = Debug|Any CPU
		{8506D0A2-8533-423C-A6BD-BF1AB1BDE276}.Release|Any CPU.ActiveCfg = Release|Any CPU
		{8506D0A2-8533-423C-A6BD-BF1AB1BDE276}.Release|Any CPU.Build.0 = Release|Any CPU
		{81E1FA68-7CBA-4873-BFFF-A7A65BA0ACB3}.Debug|Any CPU.ActiveCfg = Debug|Any CPU
		{81E1FA68-7CBA-4873-BFFF-A7A65BA0ACB3}.Debug|Any CPU.Build.0 = Debug|Any CPU
		{81E1FA68-7CBA-4873-BFFF-A7A65BA0ACB3}.Release|Any CPU.ActiveCfg = Release|Any CPU
		{81E1FA68-7CBA-4873-BFFF-A7A65BA0ACB3}.Release|Any CPU.Build.0 = Release|Any CPU
	EndGlobalSection
	GlobalSection(SolutionProperties) = preSolution
		HideSolutionNode = FALSE
	EndGlobalSection
EndGlobal
